
Microsoft Visual Studio Solution File, Format Version 12.00
# Visual Studio Version 17
VisualStudioVersion = 17.11.35222.181
MinimumVisualStudioVersion = 10.0.40219.1
Project("{9A19103F-16F7-4668-BE54-9A1E7A4F7556}") = "0auth", "0auth\0auth.csproj", "{697BDC6B-CA41-4596-A5D1-5BFA09722197}"
EndProject
Project("{FAE04EC0-301F-11D3-BF4B-00C04F79EFBC}") = "0auth_client", "0auth_client\0auth_client.csproj", "{7A12E210-5232-410E-B118-0799C9F5882A}"
EndProject
Global
	GlobalSection(SolutionConfigurationPlatforms) = preSolution
		Debug|Any CPU = Debug|Any CPU
		Release|Any CPU = Release|Any CPU
	EndGlobalSection
	GlobalSection(ProjectConfigurationPlatforms) = postSolution
		{697BDC6B-CA41-4596-A5D1-5BFA09722197}.Debug|Any CPU.ActiveCfg = Debug|Any CPU
		{697BDC6B-CA41-4596-A5D1-5BFA09722197}.Debug|Any CPU.Build.0 = Debug|Any CPU
		{697BDC6B-CA41-4596-A5D1-5BFA09722197}.Release|Any CPU.ActiveCfg = Release|Any CPU
		{697BDC6B-CA41-4596-A5D1-5BFA09722197}.Release|Any CPU.Build.0 = Release|Any CPU
		{7A12E210-5232-410E-B118-0799C9F5882A}.Debug|Any CPU.ActiveCfg = Debug|Any CPU
		{7A12E210-5232-410E-B118-0799C9F5882A}.Debug|Any CPU.Build.0 = Debug|Any CPU
		{7A12E210-5232-410E-B118-0799C9F5882A}.Release|Any CPU.ActiveCfg = Release|Any CPU
		{7A12E210-5232-410E-B118-0799C9F5882A}.Release|Any CPU.Build.0 = Release|Any CPU
	EndGlobalSection
	GlobalSection(SolutionProperties) = preSolution
		HideSolutionNode = FALSE
	EndGlobalSection
	GlobalSection(ExtensibilityGlobals) = postSolution
		SolutionGuid = {FCAF0038-318D-428B-BBF6-435E6FE4DCCB}
	EndGlobalSection
EndGlobal
